
Microsoft Visual Studio Solution File, Format Version 12.00
# Visual Studio 15
VisualStudioVersion = 15.0.27004.2002
MinimumVisualStudioVersion = 10.0.40219.1
Project("{FAE04EC0-301F-11D3-BF4B-00C04F79EFBC}") = "MQTT", "MQTT\MQTT.csproj", "{8690948B-FD30-4046-8C88-746C409F9401}"
EndProject
Global
	GlobalSection(SolutionConfigurationPlatforms) = preSolution
		Debug|Any CPU = Debug|Any CPU
		Release|Any CPU = Release|Any CPU
	EndGlobalSection
	GlobalSection(ProjectConfigurationPlatforms) = postSolution
		{8690948B-FD30-4046-8C88-746C409F9401}.Debug|Any CPU.ActiveCfg = Debug|Any CPU
		{8690948B-FD30-4046-8C88-746C409F9401}.Debug|Any CPU.Build.0 = Debug|Any CPU
		{8690948B-FD30-4046-8C88-746C409F9401}.Release|Any CPU.ActiveCfg = Release|Any CPU
		{8690948B-FD30-4046-8C88-746C409F9401}.Release|Any CPU.Build.0 = Release|Any CPU
	EndGlobalSection
	GlobalSection(SolutionProperties) = preSolution
		HideSolutionNode = FALSE
	EndGlobalSection
	GlobalSection(ExtensibilityGlobals) = postSolution
		SolutionGuid = {DF324C0C-789C-45D2-9066-B2FFD275D567}
	EndGlobalSection
EndGlobal
